
Microsoft Visual Studio Solution File, Format Version 12.00
# Visual Studio 15
VisualStudioVersion = 15.0.28010.2048
MinimumVisualStudioVersion = 10.0.40219.1
Project("{FAE04EC0-301F-11D3-BF4B-00C04F79EFBC}") = "SinemaSalonu", "SinemaSalonu.csproj", "{367BBE0E-D5F1-43C8-BA49-8D6C569FF08E}"
EndProject
Global
	GlobalSection(SolutionConfigurationPlatforms) = preSolution
		Debug|Any CPU = Debug|Any CPU
		Release|Any CPU = Release|Any CPU
	EndGlobalSection
	GlobalSection(ProjectConfigurationPlatforms) = postSolution
		{367BBE0E-D5F1-43C8-BA49-8D6C569FF08E}.Debug|Any CPU.ActiveCfg = Debug|Any CPU
		{367BBE0E-D5F1-43C8-BA49-8D6C569FF08E}.Debug|Any CPU.Build.0 = Debug|Any CPU
		{367BBE0E-D5F1-43C8-BA49-8D6C569FF08E}.Release|Any CPU.ActiveCfg = Release|Any CPU
		{367BBE0E-D5F1-43C8-BA49-8D6C569FF08E}.Release|Any CPU.Build.0 = Release|Any CPU
	EndGlobalSection
	GlobalSection(SolutionProperties) = preSolution
		HideSolutionNode = FALSE
	EndGlobalSection
	GlobalSection(ExtensibilityGlobals) = postSolution
		SolutionGuid = {8D54B241-1269-4214-8E72-D05E8E378371}
	EndGlobalSection
EndGlobal
